
Microsoft Visual Studio Solution File, Format Version 12.00
# Visual Studio Version 16
VisualStudioVersion = 16.0.31019.35
MinimumVisualStudioVersion = 10.0.40219.1
Project("{FAE04EC0-301F-11D3-BF4B-00C04F79EFBC}") = "ServiceNumeroDoble", "ServiceNumeroDoble\ServiceNumeroDoble.csproj", "{DED00873-96FB-4EA7-8B5F-EDF86E83BE6C}"
EndProject
Project("{FAE04EC0-301F-11D3-BF4B-00C04F79EFBC}") = "HostServiceNumeroDoble", "HostServiceNumeroDoble\HostServiceNumeroDoble.csproj", "{8763F2A7-6416-4FE6-B00E-969CA03A20E9}"
EndProject
Global
	GlobalSection(SolutionConfigurationPlatforms) = preSolution
		Debug|Any CPU = Debug|Any CPU
		Release|Any CPU = Release|Any CPU
	EndGlobalSection
	GlobalSection(ProjectConfigurationPlatforms) = postSolution
		{DED00873-96FB-4EA7-8B5F-EDF86E83BE6C}.Debug|Any CPU.ActiveCfg = Debug|Any CPU
		{DED00873-96FB-4EA7-8B5F-EDF86E83BE6C}.Debug|Any CPU.Build.0 = Debug|Any CPU
		{DED00873-96FB-4EA7-8B5F-EDF86E83BE6C}.Release|Any CPU.ActiveCfg = Release|Any CPU
		{DED00873-96FB-4EA7-8B5F-EDF86E83BE6C}.Release|Any CPU.Build.0 = Release|Any CPU
		{8763F2A7-6416-4FE6-B00E-969CA03A20E9}.Debug|Any CPU.ActiveCfg = Debug|Any CPU
		{8763F2A7-6416-4FE6-B00E-969CA03A20E9}.Debug|Any CPU.Build.0 = Debug|Any CPU
		{8763F2A7-6416-4FE6-B00E-969CA03A20E9}.Release|Any CPU.ActiveCfg = Release|Any CPU
		{8763F2A7-6416-4FE6-B00E-969CA03A20E9}.Release|Any CPU.Build.0 = Release|Any CPU
	EndGlobalSection
	GlobalSection(SolutionProperties) = preSolution
		HideSolutionNode = FALSE
	EndGlobalSection
	GlobalSection(ExtensibilityGlobals) = postSolution
		SolutionGuid = {3D82CEB0-9432-461D-9DE0-741ED9D6FC52}
	EndGlobalSection
EndGlobal
